{
  "lockfileVersion": 1,
  "configVersion": 1,
  "workspaces": {
    "": {
      "name": "inifnibrowser-wiki",
      "devDependencies": {
        "@gameroman/config": "0.0.6",
        "@types/bun": "1.3.11",
      },
    },
  },
  "packages": {
    "@gameroman/config": ["@gameroman/config@0.0.6", "", { "peerDependencies": { "@biomejs/biome": "^2.4.10", "oxfmt": ">=0.43.0", "oxlint": "^1.58.0", "oxlint-tsgolint": ">=0.19.0", "typescript": "^6.0.2" }, "optionalPeers": ["@biomejs/biome", "oxfmt", "oxlint", "oxlint-tsgolint", "typescript"] }, "sha512-ElQuYZgSC/2ah6/v82RpmMmOgKi4ecgOJqYvD0LXuMi/T8EcDEEXHikTQgDqTfa8cmc9LUF5prnjHzy+dEcwMw=="],

    "@types/bun": ["@types/bun@1.3.11", "", { "dependencies": { "bun-types": "1.3.11" } }, "sha512-5vPne5QvtpjGpsGYXiFyycfpDF2ECyPcTSsFBMa0fraoxiQyMJ3SmuQIGhzPg2WJuWxVBoxWJ2kClYTcw/4fAg=="],

    "@types/node": ["@types/node@25.5.0", "", { "dependencies": { "undici-types": "~7.18.0" } }, "sha512-jp2P3tQMSxWugkCUKLRPVUpGaL5MVFwF8RDuSRztfwgN1wmqJeMSbKlnEtQqU8UrhTmzEmZdu2I6v2dpp7XIxw=="],

    "bun-types": ["bun-types@1.3.11", "", { "dependencies": { "@types/node": "*" } }, "sha512-1KGPpoxQWl9f6wcZh57LvrPIInQMn2TQ7jsgxqpRzg+l0QPOFvJVH7HmvHo/AiPgwXy+/Thf6Ov3EdVn1vOabg=="],

    "undici-types": ["undici-types@7.18.2", "", {}, "sha512-AsuCzffGHJybSaRrmr5eHr81mwJU3kjw6M+uprWvCXiNeN9SOGwQ3Jn8jb8m3Z6izVgknn1R0FTCEAP2QrLY/w=="],
  }
}
